
Microsoft Visual Studio Solution File, Format Version 12.00
# Visual Studio 15
VisualStudioVersion = 15.0.26730.12
MinimumVisualStudioVersion = 10.0.40219.1
Project("{FAE04EC0-301F-11D3-BF4B-00C04F79EFBC}") = "ShareParkingSpaceWebApi", "ShareParkingSpaceWebApi\ShareParkingSpaceWebApi.csproj", "{A3715F95-0315-422D-A06C-F9841E63EB2F}"
EndProject
Global
	GlobalSection(SolutionConfigurationPlatforms) = preSolution
		Debug|Any CPU = Debug|Any CPU
		Release|Any CPU = Release|Any CPU
	EndGlobalSection
	GlobalSection(ProjectConfigurationPlatforms) = postSolution
		{A3715F95-0315-422D-A06C-F9841E63EB2F}.Debug|Any CPU.ActiveCfg = Debug|Any CPU
		{A3715F95-0315-422D-A06C-F9841E63EB2F}.Debug|Any CPU.Build.0 = Debug|Any CPU
		{A3715F95-0315-422D-A06C-F9841E63EB2F}.Release|Any CPU.ActiveCfg = Release|Any CPU
		{A3715F95-0315-422D-A06C-F9841E63EB2F}.Release|Any CPU.Build.0 = Release|Any CPU
	EndGlobalSection
	GlobalSection(SolutionProperties) = preSolution
		HideSolutionNode = FALSE
	EndGlobalSection
	GlobalSection(ExtensibilityGlobals) = postSolution
		SolutionGuid = {61530310-48B4-46E0-95C5-7FF772BE31A9}
	EndGlobalSection
EndGlobal
